# This file is automatically @generated by Cargo.
# It is not intended for manual editing.
version = 4

[[package]]
name = "config"
version = "0.1.0"

[[package]]
name = "core"
version = "0.1.0"

[[package]]
name = "http"
version = "0.1.0"

[[package]]
name = "migux"
version = "0.1.0"

[[package]]
name = "migux-static"
version = "0.1.0"

[[package]]
name = "parser"
version = "0.1.0"

[[package]]
name = "proxy"
version = "0.1.0"

[[package]]
name = "router"
version = "0.1.0"

[[package]]
name = "utils"
version = "0.1.0"
